
Microsoft Visual Studio Solution File, Format Version 12.00
# Visual Studio Version 16
VisualStudioVersion = 16.0.31112.23
MinimumVisualStudioVersion = 10.0.40219.1
Project("{FAE04EC0-301F-11D3-BF4B-00C04F79EFBC}") = "RedisChat", "RedisChat\RedisChat.csproj", "{21BCB1FE-5872-4948-B560-214122F58173}"
EndProject
Global
	GlobalSection(SolutionConfigurationPlatforms) = preSolution
		Debug|Any CPU = Debug|Any CPU
		Release|Any CPU = Release|Any CPU
	EndGlobalSection
	GlobalSection(ProjectConfigurationPlatforms) = postSolution
		{21BCB1FE-5872-4948-B560-214122F58173}.Debug|Any CPU.ActiveCfg = Debug|Any CPU
		{21BCB1FE-5872-4948-B560-214122F58173}.Debug|Any CPU.Build.0 = Debug|Any CPU
		{21BCB1FE-5872-4948-B560-214122F58173}.Release|Any CPU.ActiveCfg = Release|Any CPU
		{21BCB1FE-5872-4948-B560-214122F58173}.Release|Any CPU.Build.0 = Release|Any CPU
	EndGlobalSection
	GlobalSection(SolutionProperties) = preSolution
		HideSolutionNode = FALSE
	EndGlobalSection
	GlobalSection(ExtensibilityGlobals) = postSolution
		SolutionGuid = {C01B3053-D901-457C-A014-7DCE0A15DACE}
	EndGlobalSection
EndGlobal
